// !$*UTF8*$!
{
	archiveVersion = 1;
	classes = {
	};
	objectVersion = 50;
	objects = {

/* Begin PBXBuildFile section */
		318CBC3E236FCCB3006D7469 /* AppDelegate.swift in Sources */ = {isa = PBXBuildFile; fileRef = 318CBC3D236FCCB3006D7469 /* AppDelegate.swift */; };
		318CBC40236FCCB4006D7469 /* SceneDelegate.swift in Sources */ = {isa = PBXBuildFile; fileRef = 318CBC3F236FCCB4006D7469 /* SceneDelegate.swift */; };
		318CBC42236FCCB4006D7469 /* ViewController.swift in Sources */ = {isa = PBXBuildFile; fileRef = 318CBC41236FCCB4006D7469 /* ViewController.swift */; };
		318CBC45236FCCB4006D7469 /* Main.storyboard in Resources */ = {isa = PBXBuildFile; fileRef = 318CBC43236FCCB4006D7469 /* Main.storyboard */; };
		318CBC47236FCCB4006D7469 /* Assets.xcassets in Resources */ = {isa = PBXBuildFile; fileRef = 318CBC46236FCCB4006D7469 /* Assets.xcassets */; };
		318CBC4A236FCCB4006D7469 /* LaunchScreen.storyboard in Resources */ = {isa = PBXBuildFile; fileRef = 318CBC48236FCCB4006D7469 /* LaunchScreen.storyboard */; };
		318CBC592370274F006D7469 /* Placeholder.m in Sources */ = {isa = PBXBuildFile; fileRef = 318CBC582370274F006D7469 /* Placeholder.m */; };
		B293FE237FD2070FA846FDEB /* libPods-swift-demo-project-pod.a in Frameworks */ = {isa = PBXBuildFile; fileRef = B08AD95C5564CBC25A7C4B6B /* libPods-swift-demo-project-pod.a */; };
/* End PBXBuildFile section */

/* Begin PBXFileReference section */
		318CBC3A236FCCB3006D7469 /* swift-demo-project-pod.app */ = {isa = PBXFileReference; explicitFileType = wrapper.application; includeInIndex = 0; path = "swift-demo-project-pod.app"; sourceTree = BUILT_PRODUCTS_DIR; };
		318CBC3D236FCCB3006D7469 /* AppDelegate.swift */ = {isa = PBXFileReference; lastKnownFileType = sourcecode.swift; path = AppDelegate.swift; sourceTree = "<group>"; };
		318CBC3F236FCCB4006D7469 /* SceneDelegate.swift */ = {isa = PBXFileReference; lastKnownFileType = sourcecode.swift; path = SceneDelegate.swift; sourceTree = "<group>"; };
		318CBC41236FCCB4006D7469 /* ViewController.swift */ = {isa = PBXFileReference; lastKnownFileType = sourcecode.swift; path = ViewController.swift; sourceTree = "<group>"; };
		318CBC44236FCCB4006D7469 /* Base */ = {isa = PBXFileReference; lastKnownFileType = file.storyboard; name = Base; path = Base.lproj/Main.storyboard; sourceTree = "<group>"; };
		318CBC46236FCCB4006D7469 /* Assets.xcassets */ = {isa = PBXFileReference; lastKnownFileType = folder.assetcatalog; path = Assets.xcassets; sourceTree = "<group>"; };
		318CBC49236FCCB4006D7469 /* Base */ = {isa = PBXFileReference; lastKnownFileType = file.storyboard; name = Base; path = Base.lproj/LaunchScreen.storyboard; sourceTree = "<group>"; };
		318CBC4B236FCCB4006D7469 /* Info.plist */ = {isa = PBXFileReference; lastKnownFileType = text.plist.xml; path = Info.plist; sourceTree = "<group>"; };
		318CBC572370274F006D7469 /* swift-demo-project-pod-Bridging-Header.h */ = {isa = PBXFileReference; lastKnownFileType = sourcecode.c.h; path = "swift-demo-project-pod-Bridging-Header.h"; sourceTree = "<group>"; };
		318CBC582370274F006D7469 /* Placeholder.m */ = {isa = PBXFileReference; lastKnownFileType = sourcecode.c.objc; path = Placeholder.m; sourceTree = "<group>"; };
		969F38380294BBB2431E12B3 /* Pods-swift-demo-project-pod.debug.xcconfig */ = {isa = PBXFileReference; includeInIndex = 1; lastKnownFileType = text.xcconfig; name = "Pods-swift-demo-project-pod.debug.xcconfig"; path = "Target Support Files/Pods-swift-demo-project-pod/Pods-swift-demo-project-pod.debug.xcconfig"; sourceTree = "<group>"; };
		B08AD95C5564CBC25A7C4B6B /* libPods-swift-demo-project-pod.a */ = {isa = PBXFileReference; explicitFileType = archive.ar; includeInIndex = 0; path = "libPods-swift-demo-project-pod.a"; sourceTree = BUILT_PRODUCTS_DIR; };
		B57B9A9B6322CFB8A3E1EB48 /* Pods-swift-demo-project-pod.release.xcconfig */ = {isa = PBXFileReference; includeInIndex = 1; lastKnownFileType = text.xcconfig; name = "Pods-swift-demo-project-pod.release.xcconfig"; path = "Target Support Files/Pods-swift-demo-project-pod/Pods-swift-demo-project-pod.release.xcconfig"; sourceTree = "<group>"; };
/* End PBXFileReference section */

/* Begin PBXFrameworksBuildPhase section */
		318CBC37236FCCB3006D7469 /* Frameworks */ = {
			isa = PBXFrameworksBuildPhase;
			buildActionMask = 2147483647;
			files = (
				B293FE237FD2070FA846FDEB /* libPods-swift-demo-project-pod.a in Frameworks */,
			);
			runOnlyForDeploymentPostprocessing = 0;
		};
/* End PBXFrameworksBuildPhase section */

/* Begin PBXGroup section */
		318CBC31236FCCB3006D7469 = {
			isa = PBXGroup;
			children = (
				318CBC3C236FCCB3006D7469 /* swift-demo-project-pod */,
				318CBC3B236FCCB3006D7469 /* Products */,
				39D252BA80DA4ADD06DADEA8 /* Pods */,
				6F9E91FC0599C8F5C4E961DC /* Frameworks */,
			);
			sourceTree = "<group>";
		};
		318CBC3B236FCCB3006D7469 /* Products */ = {
			isa = PBXGroup;
			children = (
				318CBC3A236FCCB3006D7469 /* swift-demo-project-pod.app */,
			);
			name = Products;
			sourceTree = "<group>";
		};
		318CBC3C236FCCB3006D7469 /* swift-demo-project-pod */ = {
			isa = PBXGroup;
			children = (
				318CBC3D236FCCB3006D7469 /* AppDelegate.swift */,
				318CBC3F236FCCB4006D7469 /* SceneDelegate.swift */,
				318CBC41236FCCB4006D7469 /* ViewController.swift */,
				318CBC43236FCCB4006D7469 /* Main.storyboard */,
				318CBC46236FCCB4006D7469 /* Assets.xcassets */,
				318CBC48236FCCB4006D7469 /* LaunchScreen.storyboard */,
				318CBC4B236FCCB4006D7469 /* Info.plist */,
				318CBC582370274F006D7469 /* Placeholder.m */,
				318CBC572370274F006D7469 /* swift-demo-project-pod-Bridging-Header.h */,
			);
			path = "swift-demo-project-pod";
			sourceTree = "<group>";
		};
		39D252BA80DA4ADD06DADEA8 /* Pods */ = {
			isa = PBXGroup;
			children = (
				969F38380294BBB2431E12B3 /* Pods-swift-demo-project-pod.debug.xcconfig */,
				B57B9A9B6322CFB8A3E1EB48 /* Pods-swift-demo-project-pod.release.xcconfig */,
			);
			path = Pods;
			sourceTree = "<group>";
		};
		6F9E91FC0599C8F5C4E961DC /* Frameworks */ = {
			isa = PBXGroup;
			children = (
				B08AD95C5564CBC25A7C4B6B /* libPods-swift-demo-project-pod.a */,
			);
			name = Frameworks;
			sourceTree = "<group>";
		};
/* End PBXGroup section */

/* Begin PBXNativeTarget section */
		318CBC39236FCCB3006D7469 /* swift-demo-project-pod */ = {
			isa = PBXNativeTarget;
			buildConfigurationList = 318CBC4E236FCCB4006D7469 /* Build configuration list for PBXNativeTarget "swift-demo-project-pod" */;
			buildPhases = (
				16645FE0B9E3CF7C95DB0A48 /* [CP] Check Pods Manifest.lock */,
				318CBC36236FCCB3006D7469 /* Sources */,
				318CBC37236FCCB3006D7469 /* Frameworks */,
				318CBC38236FCCB3006D7469 /* Resources */,
				46FFE3E3E489A6B848822D90 /* [CP] Copy Pods Resources */,
			);
			buildRules = (
			);
			dependencies = (
			);
			name = "swift-demo-project-pod";
			productName = "swift-demo-project-pod";
			productReference = 318CBC3A236FCCB3006D7469 /* swift-demo-project-pod.app */;
			productType = "com.apple.product-type.application";
		};
/* End PBXNativeTarget section */

/* Begin PBXProject section */
		318CBC32236FCCB3006D7469 /* Project object */ = {
			isa = PBXProject;
			attributes = {
				LastSwiftUpdateCheck = 1100;
				LastUpgradeCheck = 1100;
				ORGANIZATIONNAME = kingcos;
				TargetAttributes = {
					318CBC39236FCCB3006D7469 = {
						CreatedOnToolsVersion = 11.0;
						LastSwiftMigration = 1100;
					};
				};
			};
			buildConfigurationList = 318CBC35236FCCB3006D7469 /* Build configuration list for PBXProject "swift-demo-project-pod" */;
			compatibilityVersion = "Xcode 9.3";
			developmentRegion = en;
			hasScannedForEncodings = 0;
			knownRegions = (
				en,
				Base,
			);
			mainGroup = 318CBC31236FCCB3006D7469;
			productRefGroup = 318CBC3B236FCCB3006D7469 /* Products */;
			projectDirPath = "";
			projectRoot = "";
			targets = (
				318CBC39236FCCB3006D7469 /* swift-demo-project-pod */,
			);
		};
/* End PBXProject section */

/* Begin PBXResourcesBuildPhase section */
		318CBC38236FCCB3006D7469 /* Resources */ = {
			isa = PBXResourcesBuildPhase;
			buildActionMask = 2147483647;
			files = (
				318CBC4A236FCCB4006D7469 /* LaunchScreen.storyboard in Resources */,
				318CBC47236FCCB4006D7469 /* Assets.xcassets in Resources */,
				318CBC45236FCCB4006D7469 /* Main.storyboard in Resources */,
			);
			runOnlyForDeploymentPostprocessing = 0;
		};
/* End PBXResourcesBuildPhase section */

/* Begin PBXShellScriptBuildPhase section */
		16645FE0B9E3CF7C95DB0A48 /* [CP] Check Pods Manifest.lock */ = {
			isa = PBXShellScriptBuildPhase;
			buildActionMask = 2147483647;
			files = (
			);
			inputFileListPaths = (
			);
			inputPaths = (
				"${PODS_PODFILE_DIR_PATH}/Podfile.lock",
				"${PODS_ROOT}/Manifest.lock",
			);
			name = "[CP] Check Pods Manifest.lock";
			outputFileListPaths = (
			);
			outputPaths = (
				"$(DERIVED_FILE_DIR)/Pods-swift-demo-project-pod-checkManifestLockResult.txt",
			);
			runOnlyForDeploymentPostprocessing = 0;
			shellPath = /bin/sh;
			shellScript = "diff \"${PODS_PODFILE_DIR_PATH}/Podfile.lock\" \"${PODS_ROOT}/Manifest.lock\" > /dev/null\nif [ $? != 0 ] ; then\n    # print error to STDERR\n    echo \"error: The sandbox is not in sync with the Podfile.lock. Run 'pod install' or update your CocoaPods installation.\" >&2\n    exit 1\nfi\n# This output is used by Xcode 'outputs' to avoid re-running this script phase.\necho \"SUCCESS\" > \"${SCRIPT_OUTPUT_FILE_0}\"\n";
			showEnvVarsInLog = 0;
		};
		46FFE3E3E489A6B848822D90 /* [CP] Copy Pods Resources */ = {
			isa = PBXShellScriptBuildPhase;
			buildActionMask = 2147483647;
			files = (
			);
			inputFileListPaths = (
			);
			inputPaths = (
				"${PODS_ROOT}/Target Support Files/Pods-swift-demo-project-pod/Pods-swift-demo-project-pod-resources.sh",
				"${PODS_ROOT}/../../oc-pod/oc-pod/Assets/info.json",
				"${PODS_CONFIGURATION_BUILD_DIR}/oc-pod/oc-pod.bundle",
				"${PODS_ROOT}/../../swift-pod/swift-pod/Assets/Localizable.strings",
			);
			name = "[CP] Copy Pods Resources";
			outputFileListPaths = (
			);
			outputPaths = (
				"${TARGET_BUILD_DIR}/${UNLOCALIZED_RESOURCES_FOLDER_PATH}/info.json",
				"${TARGET_BUILD_DIR}/${UNLOCALIZED_RESOURCES_FOLDER_PATH}/oc-pod.bundle",
				"${TARGET_BUILD_DIR}/${UNLOCALIZED_RESOURCES_FOLDER_PATH}/Localizable.strings",
			);
			runOnlyForDeploymentPostprocessing = 0;
			shellPath = /bin/sh;
			shellScript = "\"${PODS_ROOT}/Target Support Files/Pods-swift-demo-project-pod/Pods-swift-demo-project-pod-resources.sh\"\n";
			showEnvVarsInLog = 0;
		};
/* End PBXShellScriptBuildPhase section */

/* Begin PBXSourcesBuildPhase section */
		318CBC36236FCCB3006D7469 /* Sources */ = {
			isa = PBXSourcesBuildPhase;
			buildActionMask = 2147483647;
			files = (
				318CBC42236FCCB4006D7469 /* ViewController.swift in Sources */,
				318CBC3E236FCCB3006D7469 /* AppDelegate.swift in Sources */,
				318CBC40236FCCB4006D7469 /* SceneDelegate.swift in Sources */,
				318CBC592370274F006D7469 /* Placeholder.m in Sources */,
			);
			runOnlyForDeploymentPostprocessing = 0;
		};
/* End PBXSourcesBuildPhase section */

/* Begin PBXVariantGroup section */
		318CBC43236FCCB4006D7469 /* Main.storyboard */ = {
			isa = PBXVariantGroup;
			children = (
				318CBC44236FCCB4006D7469 /* Base */,
			);
			name = Main.storyboard;
			sourceTree = "<group>";
		};
		318CBC48236FCCB4006D7469 /* LaunchScreen.storyboard */ = {
			isa = PBXVariantGroup;
			children = (
				318CBC49236FCCB4006D7469 /* Base */,
			);
			name = LaunchScreen.storyboard;
			sourceTree = "<group>";
		};
/* End PBXVariantGroup section */

/* Begin XCBuildConfiguration section */
		318CBC4C236FCCB4006D7469 /* Debug */ = {
			isa = XCBuildConfiguration;
			buildSettings = {
				ALWAYS_SEARCH_USER_PATHS = NO;
				CLANG_ANALYZER_NONNULL = YES;
				CLANG_ANALYZER_NUMBER_OBJECT_CONVERSION = YES_AGGRESSIVE;
				CLANG_CXX_LANGUAGE_STANDARD = "gnu++14";
				CLANG_CXX_LIBRARY = "libc++";
				CLANG_ENABLE_MODULES = YES;
				CLANG_ENABLE_OBJC_ARC = YES;
				CLANG_ENABLE_OBJC_WEAK = YES;
				CLANG_WARN_BLOCK_CAPTURE_AUTORELEASING = YES;
				CLANG_WARN_BOOL_CONVERSION = YES;
				CLANG_WARN_COMMA = YES;
				CLANG_WARN_CONSTANT_CONVERSION = YES;
				CLANG_WARN_DEPRECATED_OBJC_IMPLEMENTATIONS = YES;
				CLANG_WARN_DIRECT_OBJC_ISA_USAGE = YES_ERROR;
				CLANG_WARN_DOCUMENTATION_COMMENTS = YES;
				CLANG_WARN_EMPTY_BODY = YES;
				CLANG_WARN_ENUM_CONVERSION = YES;
				CLANG_WARN_INFINITE_RECURSION = YES;
				CLANG_WARN_INT_CONVERSION = YES;
				CLANG_WARN_NON_LITERAL_NULL_CONVERSION = YES;
				CLANG_WARN_OBJC_IMPLICIT_RETAIN_SELF = YES;
				CLANG_WARN_OBJC_LITERAL_CONVERSION = YES;
				CLANG_WARN_OBJC_ROOT_CLASS = YES_ERROR;
				CLANG_WARN_RANGE_LOOP_ANALYSIS = YES;
				CLANG_WARN_STRICT_PROTOTYPES = YES;
				CLANG_WARN_SUSPICIOUS_MOVE = YES;
				CLANG_WARN_UNGUARDED_AVAILABILITY = YES_AGGRESSIVE;
				CLANG_WARN_UNREACHABLE_CODE = YES;
				CLANG_WARN__DUPLICATE_METHOD_MATCH = YES;
				COPY_PHASE_STRIP = NO;
				DEBUG_INFORMATION_FORMAT = dwarf;
				ENABLE_STRICT_OBJC_MSGSEND = YES;
				ENABLE_TESTABILITY = YES;
				GCC_C_LANGUAGE_STANDARD = gnu11;
				GCC_DYNAMIC_NO_PIC = NO;
				GCC_NO_COMMON_BLOCKS = YES;
				GCC_OPTIMIZATION_LEVEL = 0;
				GCC_PREPROCESSOR_DEFINITIONS = (
					"DEBUG=1",
					"$(inherited)",
				);
				GCC_WARN_64_TO_32_BIT_CONVERSION = YES;
				GCC_WARN_ABOUT_RETURN_TYPE = YES_ERROR;
				GCC_WARN_UNDECLARED_SELECTOR = YES;
				GCC_WARN_UNINITIALIZED_AUTOS = YES_AGGRESSIVE;
				GCC_WARN_UNUSED_FUNCTION = YES;
				GCC_WARN_UNUSED_VARIABLE = YES;
				IPHONEOS_DEPLOYMENT_TARGET = 13.0;
				MTL_ENABLE_DEBUG_INFO = INCLUDE_SOURCE;
				MTL_FAST_MATH = YES;
				ONLY_ACTIVE_ARCH = YES;
				SDKROOT = iphoneos;
				SWIFT_ACTIVE_COMPILATION_CONDITIONS = DEBUG;
				SWIFT_OPTIMIZATION_LEVEL = "-Onone";
			};
			name = Debug;
		};
		318CBC4D236FCCB4006D7469 /* Release */ = {
			isa = XCBuildConfiguration;
			buildSettings = {
				ALWAYS_SEARCH_USER_PATHS = NO;
				CLANG_ANALYZER_NONNULL = YES;
				CLANG_ANALYZER_NUMBER_OBJECT_CONVERSION = YES_AGGRESSIVE;
				CLANG_CXX_LANGUAGE_STANDARD = "gnu++14";
				CLANG_CXX_LIBRARY = "libc++";
				CLANG_ENABLE_MODULES = YES;
				CLANG_ENABLE_OBJC_ARC = YES;
				CLANG_ENABLE_OBJC_WEAK = YES;
				CLANG_WARN_BLOCK_CAPTURE_AUTORELEASING = YES;
				CLANG_WARN_BOOL_CONVERSION = YES;
				CLANG_WARN_COMMA = YES;
				CLANG_WARN_CONSTANT_CONVERSION = YES;
				CLANG_WARN_DEPRECATED_OBJC_IMPLEMENTATIONS = YES;
				CLANG_WARN_DIRECT_OBJC_ISA_USAGE = YES_ERROR;
				CLANG_WARN_DOCUMENTATION_COMMENTS = YES;
				CLANG_WARN_EMPTY_BODY = YES;
				CLANG_WARN_ENUM_CONVERSION = YES;
				CLANG_WARN_INFINITE_RECURSION = YES;
				CLANG_WARN_INT_CONVERSION = YES;
				CLANG_WARN_NON_LITERAL_NULL_CONVERSION = YES;
				CLANG_WARN_OBJC_IMPLICIT_RETAIN_SELF = YES;
				CLANG_WARN_OBJC_LITERAL_CONVERSION = YES;
				CLANG_WARN_OBJC_ROOT_CLASS = YES_ERROR;
				CLANG_WARN_RANGE_LOOP_ANALYSIS = YES;
				CLANG_WARN_STRICT_PROTOTYPES = YES;
				CLANG_WARN_SUSPICIOUS_MOVE = YES;
				CLANG_WARN_UNGUARDED_AVAILABILITY = YES_AGGRESSIVE;
				CLANG_WARN_UNREACHABLE_CODE = YES;
				CLANG_WARN__DUPLICATE_METHOD_MATCH = YES;
				COPY_PHASE_STRIP = NO;
				DEBUG_INFORMATION_FORMAT = "dwarf-with-dsym";
				ENABLE_NS_ASSERTIONS = NO;
				ENABLE_STRICT_OBJC_MSGSEND = YES;
				GCC_C_LANGUAGE_STANDARD = gnu11;
				GCC_NO_COMMON_BLOCKS = YES;
				GCC_WARN_64_TO_32_BIT_CONVERSION = YES;
				GCC_WARN_ABOUT_RETURN_TYPE = YES_ERROR;
				GCC_WARN_UNDECLARED_SELECTOR = YES;
				GCC_WARN_UNINITIALIZED_AUTOS = YES_AGGRESSIVE;
				GCC_WARN_UNUSED_FUNCTION = YES;
				GCC_WARN_UNUSED_VARIABLE = YES;
				IPHONEOS_DEPLOYMENT_TARGET = 13.0;
				MTL_ENABLE_DEBUG_INFO = NO;
				MTL_FAST_MATH = YES;
				SDKROOT = iphoneos;
				SWIFT_COMPILATION_MODE = wholemodule;
				SWIFT_OPTIMIZATION_LEVEL = "-O";
				VALIDATE_PRODUCT = YES;
			};
			name = Release;
		};
		318CBC4F236FCCB4006D7469 /* Debug */ = {
			isa = XCBuildConfiguration;
			baseConfigurationReference = 969F38380294BBB2431E12B3 /* Pods-swift-demo-project-pod.debug.xcconfig */;
			buildSettings = {
				ASSETCATALOG_COMPILER_APPICON_NAME = AppIcon;
				CLANG_ENABLE_MODULES = YES;
				CODE_SIGN_STYLE = Automatic;
				DEVELOPMENT_TEAM = HUL9KAA653;
				INFOPLIST_FILE = "swift-demo-project-pod/Info.plist";
				LD_RUNPATH_SEARCH_PATHS = (
					"$(inherited)",
					"@executable_path/Frameworks",
				);
				PRODUCT_BUNDLE_IDENTIFIER = "me.kingcos.swift-demo-project-pod";
				PRODUCT_NAME = "$(TARGET_NAME)";
				SWIFT_OBJC_BRIDGING_HEADER = "swift-demo-project-pod/swift-demo-project-pod-Bridging-Header.h";
				SWIFT_OPTIMIZATION_LEVEL = "-Onone";
				SWIFT_VERSION = 5.0;
				TARGETED_DEVICE_FAMILY = "1,2";
			};
			name = Debug;
		};
		318CBC50236FCCB4006D7469 /* Release */ = {
			isa = XCBuildConfiguration;
			baseConfigurationReference = B57B9A9B6322CFB8A3E1EB48 /* Pods-swift-demo-project-pod.release.xcconfig */;
			buildSettings = {
				ASSETCATALOG_COMPILER_APPICON_NAME = AppIcon;
				CLANG_ENABLE_MODULES = YES;
				CODE_SIGN_STYLE = Automatic;
				DEVELOPMENT_TEAM = HUL9KAA653;
				INFOPLIST_FILE = "swift-demo-project-pod/Info.plist";
				LD_RUNPATH_SEARCH_PATHS = (
					"$(inherited)",
					"@executable_path/Frameworks",
				);
				PRODUCT_BUNDLE_IDENTIFIER = "me.kingcos.swift-demo-project-pod";
				PRODUCT_NAME = "$(TARGET_NAME)";
				SWIFT_OBJC_BRIDGING_HEADER = "swift-demo-project-pod/swift-demo-project-pod-Bridging-Header.h";
				SWIFT_VERSION = 5.0;
				TARGETED_DEVICE_FAMILY = "1,2";
			};
			name = Release;
		};
/* End XCBuildConfiguration section */

/* Begin XCConfigurationList section */
		318CBC35236FCCB3006D7469 /* Build configuration list for PBXProject "swift-demo-project-pod" */ = {
			isa = XCConfigurationList;
			buildConfigurations = (
				318CBC4C236FCCB4006D7469 /* Debug */,
				318CBC4D236FCCB4006D7469 /* Release */,
			);
			defaultConfigurationIsVisible = 0;
			defaultConfigurationName = Release;
		};
		318CBC4E236FCCB4006D7469 /* Build configuration list for PBXNativeTarget "swift-demo-project-pod" */ = {
			isa = XCConfigurationList;
			buildConfigurations = (
				318CBC4F236FCCB4006D7469 /* Debug */,
				318CBC50236FCCB4006D7469 /* Release */,
			);
			defaultConfigurationIsVisible = 0;
			defaultConfigurationName = Release;
		};
/* End XCConfigurationList section */
	};
	rootObject = 318CBC32236FCCB3006D7469 /* Project object */;
}
