// !$*UTF8*$!
{
	archiveVersion = 1;
	classes = {
	};
	objectVersion = 50;
	objects = {

/* Begin PBXBuildFile section */
		318CBADA23685E04006D7469 /* AppDelegate.m in Sources */ = {isa = PBXBuildFile; fileRef = 318CBAD923685E04006D7469 /* AppDelegate.m */; };
		318CBADD23685E04006D7469 /* SceneDelegate.m in Sources */ = {isa = PBXBuildFile; fileRef = 318CBADC23685E04006D7469 /* SceneDelegate.m */; };
		318CBAE023685E04006D7469 /* ViewController.m in Sources */ = {isa = PBXBuildFile; fileRef = 318CBADF23685E04006D7469 /* ViewController.m */; };
		318CBAE323685E04006D7469 /* Main.storyboard in Resources */ = {isa = PBXBuildFile; fileRef = 318CBAE123685E04006D7469 /* Main.storyboard */; };
		318CBAE523685E05006D7469 /* Assets.xcassets in Resources */ = {isa = PBXBuildFile; fileRef = 318CBAE423685E05006D7469 /* Assets.xcassets */; };
		318CBAE823685E05006D7469 /* LaunchScreen.storyboard in Resources */ = {isa = PBXBuildFile; fileRef = 318CBAE623685E05006D7469 /* LaunchScreen.storyboard */; };
		318CBAEB23685E05006D7469 /* main.m in Sources */ = {isa = PBXBuildFile; fileRef = 318CBAEA23685E05006D7469 /* main.m */; };
		318CBB2E23686078006D7469 /* liboc-static-lib.a in Frameworks */ = {isa = PBXBuildFile; fileRef = 318CBB2C23686078006D7469 /* liboc-static-lib.a */; };
		318CBB7823686CC6006D7469 /* Placeholder.swift in Sources */ = {isa = PBXBuildFile; fileRef = 318CBB7723686CC6006D7469 /* Placeholder.swift */; };
/* End PBXBuildFile section */

/* Begin PBXFileReference section */
		318CBAD523685E04006D7469 /* oc-demo-project.app */ = {isa = PBXFileReference; explicitFileType = wrapper.application; includeInIndex = 0; path = "oc-demo-project.app"; sourceTree = BUILT_PRODUCTS_DIR; };
		318CBAD823685E04006D7469 /* AppDelegate.h */ = {isa = PBXFileReference; lastKnownFileType = sourcecode.c.h; path = AppDelegate.h; sourceTree = "<group>"; };
		318CBAD923685E04006D7469 /* AppDelegate.m */ = {isa = PBXFileReference; lastKnownFileType = sourcecode.c.objc; path = AppDelegate.m; sourceTree = "<group>"; };
		318CBADB23685E04006D7469 /* SceneDelegate.h */ = {isa = PBXFileReference; lastKnownFileType = sourcecode.c.h; path = SceneDelegate.h; sourceTree = "<group>"; };
		318CBADC23685E04006D7469 /* SceneDelegate.m */ = {isa = PBXFileReference; lastKnownFileType = sourcecode.c.objc; path = SceneDelegate.m; sourceTree = "<group>"; };
		318CBADE23685E04006D7469 /* ViewController.h */ = {isa = PBXFileReference; lastKnownFileType = sourcecode.c.h; path = ViewController.h; sourceTree = "<group>"; };
		318CBADF23685E04006D7469 /* ViewController.m */ = {isa = PBXFileReference; lastKnownFileType = sourcecode.c.objc; path = ViewController.m; sourceTree = "<group>"; };
		318CBAE223685E04006D7469 /* Base */ = {isa = PBXFileReference; lastKnownFileType = file.storyboard; name = Base; path = Base.lproj/Main.storyboard; sourceTree = "<group>"; };
		318CBAE423685E05006D7469 /* Assets.xcassets */ = {isa = PBXFileReference; lastKnownFileType = folder.assetcatalog; path = Assets.xcassets; sourceTree = "<group>"; };
		318CBAE723685E05006D7469 /* Base */ = {isa = PBXFileReference; lastKnownFileType = file.storyboard; name = Base; path = Base.lproj/LaunchScreen.storyboard; sourceTree = "<group>"; };
		318CBAE923685E05006D7469 /* Info.plist */ = {isa = PBXFileReference; lastKnownFileType = text.plist.xml; path = Info.plist; sourceTree = "<group>"; };
		318CBAEA23685E05006D7469 /* main.m */ = {isa = PBXFileReference; lastKnownFileType = sourcecode.c.objc; path = main.m; sourceTree = "<group>"; };
		318CBB2B23686078006D7469 /* NSObject+OC_Static_Lib.h */ = {isa = PBXFileReference; fileEncoding = 4; lastKnownFileType = sourcecode.c.h; path = "NSObject+OC_Static_Lib.h"; sourceTree = "<group>"; };
		318CBB2C23686078006D7469 /* liboc-static-lib.a */ = {isa = PBXFileReference; lastKnownFileType = archive.ar; path = "liboc-static-lib.a"; sourceTree = "<group>"; };
		318CBB2D23686078006D7469 /* oc_static_lib.h */ = {isa = PBXFileReference; fileEncoding = 4; lastKnownFileType = sourcecode.c.h; path = oc_static_lib.h; sourceTree = "<group>"; };
		318CBB7623686CC5006D7469 /* oc-demo-project-Bridging-Header.h */ = {isa = PBXFileReference; lastKnownFileType = sourcecode.c.h; path = "oc-demo-project-Bridging-Header.h"; sourceTree = "<group>"; };
		318CBB7723686CC6006D7469 /* Placeholder.swift */ = {isa = PBXFileReference; lastKnownFileType = sourcecode.swift; path = Placeholder.swift; sourceTree = "<group>"; };
/* End PBXFileReference section */

/* Begin PBXFrameworksBuildPhase section */
		318CBAD223685E04006D7469 /* Frameworks */ = {
			isa = PBXFrameworksBuildPhase;
			buildActionMask = 2147483647;
			files = (
				318CBB2E23686078006D7469 /* liboc-static-lib.a in Frameworks */,
			);
			runOnlyForDeploymentPostprocessing = 0;
		};
/* End PBXFrameworksBuildPhase section */

/* Begin PBXGroup section */
		318CBACC23685E04006D7469 = {
			isa = PBXGroup;
			children = (
				318CBAD723685E04006D7469 /* oc-demo-project */,
				318CBAD623685E04006D7469 /* Products */,
			);
			sourceTree = "<group>";
		};
		318CBAD623685E04006D7469 /* Products */ = {
			isa = PBXGroup;
			children = (
				318CBAD523685E04006D7469 /* oc-demo-project.app */,
			);
			name = Products;
			sourceTree = "<group>";
		};
		318CBAD723685E04006D7469 /* oc-demo-project */ = {
			isa = PBXGroup;
			children = (
				318CBB2A23686078006D7469 /* oc-static-lib */,
				318CBAD823685E04006D7469 /* AppDelegate.h */,
				318CBAD923685E04006D7469 /* AppDelegate.m */,
				318CBADB23685E04006D7469 /* SceneDelegate.h */,
				318CBADC23685E04006D7469 /* SceneDelegate.m */,
				318CBADE23685E04006D7469 /* ViewController.h */,
				318CBADF23685E04006D7469 /* ViewController.m */,
				318CBAE123685E04006D7469 /* Main.storyboard */,
				318CBAE423685E05006D7469 /* Assets.xcassets */,
				318CBAE623685E05006D7469 /* LaunchScreen.storyboard */,
				318CBAE923685E05006D7469 /* Info.plist */,
				318CBAEA23685E05006D7469 /* main.m */,
				318CBB7723686CC6006D7469 /* Placeholder.swift */,
				318CBB7623686CC5006D7469 /* oc-demo-project-Bridging-Header.h */,
			);
			path = "oc-demo-project";
			sourceTree = "<group>";
		};
		318CBB2A23686078006D7469 /* oc-static-lib */ = {
			isa = PBXGroup;
			children = (
				318CBB2B23686078006D7469 /* NSObject+OC_Static_Lib.h */,
				318CBB2C23686078006D7469 /* liboc-static-lib.a */,
				318CBB2D23686078006D7469 /* oc_static_lib.h */,
			);
			path = "oc-static-lib";
			sourceTree = "<group>";
		};
/* End PBXGroup section */

/* Begin PBXNativeTarget section */
		318CBAD423685E04006D7469 /* oc-demo-project */ = {
			isa = PBXNativeTarget;
			buildConfigurationList = 318CBAEE23685E05006D7469 /* Build configuration list for PBXNativeTarget "oc-demo-project" */;
			buildPhases = (
				318CBAD123685E04006D7469 /* Sources */,
				318CBAD223685E04006D7469 /* Frameworks */,
				318CBAD323685E04006D7469 /* Resources */,
			);
			buildRules = (
			);
			dependencies = (
			);
			name = "oc-demo-project";
			productName = "oc-demo-project";
			productReference = 318CBAD523685E04006D7469 /* oc-demo-project.app */;
			productType = "com.apple.product-type.application";
		};
/* End PBXNativeTarget section */

/* Begin PBXProject section */
		318CBACD23685E04006D7469 /* Project object */ = {
			isa = PBXProject;
			attributes = {
				LastUpgradeCheck = 1100;
				ORGANIZATIONNAME = kingcos;
				TargetAttributes = {
					318CBAD423685E04006D7469 = {
						CreatedOnToolsVersion = 11.0;
						LastSwiftMigration = 1100;
					};
				};
			};
			buildConfigurationList = 318CBAD023685E04006D7469 /* Build configuration list for PBXProject "oc-demo-project" */;
			compatibilityVersion = "Xcode 9.3";
			developmentRegion = en;
			hasScannedForEncodings = 0;
			knownRegions = (
				en,
				Base,
			);
			mainGroup = 318CBACC23685E04006D7469;
			productRefGroup = 318CBAD623685E04006D7469 /* Products */;
			projectDirPath = "";
			projectRoot = "";
			targets = (
				318CBAD423685E04006D7469 /* oc-demo-project */,
			);
		};
/* End PBXProject section */

/* Begin PBXResourcesBuildPhase section */
		318CBAD323685E04006D7469 /* Resources */ = {
			isa = PBXResourcesBuildPhase;
			buildActionMask = 2147483647;
			files = (
				318CBAE823685E05006D7469 /* LaunchScreen.storyboard in Resources */,
				318CBAE523685E05006D7469 /* Assets.xcassets in Resources */,
				318CBAE323685E04006D7469 /* Main.storyboard in Resources */,
			);
			runOnlyForDeploymentPostprocessing = 0;
		};
/* End PBXResourcesBuildPhase section */

/* Begin PBXSourcesBuildPhase section */
		318CBAD123685E04006D7469 /* Sources */ = {
			isa = PBXSourcesBuildPhase;
			buildActionMask = 2147483647;
			files = (
				318CBAE023685E04006D7469 /* ViewController.m in Sources */,
				318CBB7823686CC6006D7469 /* Placeholder.swift in Sources */,
				318CBADA23685E04006D7469 /* AppDelegate.m in Sources */,
				318CBAEB23685E05006D7469 /* main.m in Sources */,
				318CBADD23685E04006D7469 /* SceneDelegate.m in Sources */,
			);
			runOnlyForDeploymentPostprocessing = 0;
		};
/* End PBXSourcesBuildPhase section */

/* Begin PBXVariantGroup section */
		318CBAE123685E04006D7469 /* Main.storyboard */ = {
			isa = PBXVariantGroup;
			children = (
				318CBAE223685E04006D7469 /* Base */,
			);
			name = Main.storyboard;
			sourceTree = "<group>";
		};
		318CBAE623685E05006D7469 /* LaunchScreen.storyboard */ = {
			isa = PBXVariantGroup;
			children = (
				318CBAE723685E05006D7469 /* Base */,
			);
			name = LaunchScreen.storyboard;
			sourceTree = "<group>";
		};
/* End PBXVariantGroup section */

/* Begin XCBuildConfiguration section */
		318CBAEC23685E05006D7469 /* Debug */ = {
			isa = XCBuildConfiguration;
			buildSettings = {
				ALWAYS_SEARCH_USER_PATHS = NO;
				CLANG_ANALYZER_NONNULL = YES;
				CLANG_ANALYZER_NUMBER_OBJECT_CONVERSION = YES_AGGRESSIVE;
				CLANG_CXX_LANGUAGE_STANDARD = "gnu++14";
				CLANG_CXX_LIBRARY = "libc++";
				CLANG_ENABLE_MODULES = YES;
				CLANG_ENABLE_OBJC_ARC = YES;
				CLANG_ENABLE_OBJC_WEAK = YES;
				CLANG_WARN_BLOCK_CAPTURE_AUTORELEASING = YES;
				CLANG_WARN_BOOL_CONVERSION = YES;
				CLANG_WARN_COMMA = YES;
				CLANG_WARN_CONSTANT_CONVERSION = YES;
				CLANG_WARN_DEPRECATED_OBJC_IMPLEMENTATIONS = YES;
				CLANG_WARN_DIRECT_OBJC_ISA_USAGE = YES_ERROR;
				CLANG_WARN_DOCUMENTATION_COMMENTS = YES;
				CLANG_WARN_EMPTY_BODY = YES;
				CLANG_WARN_ENUM_CONVERSION = YES;
				CLANG_WARN_INFINITE_RECURSION = YES;
				CLANG_WARN_INT_CONVERSION = YES;
				CLANG_WARN_NON_LITERAL_NULL_CONVERSION = YES;
				CLANG_WARN_OBJC_IMPLICIT_RETAIN_SELF = YES;
				CLANG_WARN_OBJC_LITERAL_CONVERSION = YES;
				CLANG_WARN_OBJC_ROOT_CLASS = YES_ERROR;
				CLANG_WARN_RANGE_LOOP_ANALYSIS = YES;
				CLANG_WARN_STRICT_PROTOTYPES = YES;
				CLANG_WARN_SUSPICIOUS_MOVE = YES;
				CLANG_WARN_UNGUARDED_AVAILABILITY = YES_AGGRESSIVE;
				CLANG_WARN_UNREACHABLE_CODE = YES;
				CLANG_WARN__DUPLICATE_METHOD_MATCH = YES;
				COPY_PHASE_STRIP = NO;
				DEBUG_INFORMATION_FORMAT = dwarf;
				ENABLE_STRICT_OBJC_MSGSEND = YES;
				ENABLE_TESTABILITY = YES;
				GCC_C_LANGUAGE_STANDARD = gnu11;
				GCC_DYNAMIC_NO_PIC = NO;
				GCC_NO_COMMON_BLOCKS = YES;
				GCC_OPTIMIZATION_LEVEL = 0;
				GCC_PREPROCESSOR_DEFINITIONS = (
					"DEBUG=1",
					"$(inherited)",
				);
				GCC_WARN_64_TO_32_BIT_CONVERSION = YES;
				GCC_WARN_ABOUT_RETURN_TYPE = YES_ERROR;
				GCC_WARN_UNDECLARED_SELECTOR = YES;
				GCC_WARN_UNINITIALIZED_AUTOS = YES_AGGRESSIVE;
				GCC_WARN_UNUSED_FUNCTION = YES;
				GCC_WARN_UNUSED_VARIABLE = YES;
				IPHONEOS_DEPLOYMENT_TARGET = 13.0;
				MTL_ENABLE_DEBUG_INFO = INCLUDE_SOURCE;
				MTL_FAST_MATH = YES;
				ONLY_ACTIVE_ARCH = YES;
				SDKROOT = iphoneos;
			};
			name = Debug;
		};
		318CBAED23685E05006D7469 /* Release */ = {
			isa = XCBuildConfiguration;
			buildSettings = {
				ALWAYS_SEARCH_USER_PATHS = NO;
				CLANG_ANALYZER_NONNULL = YES;
				CLANG_ANALYZER_NUMBER_OBJECT_CONVERSION = YES_AGGRESSIVE;
				CLANG_CXX_LANGUAGE_STANDARD = "gnu++14";
				CLANG_CXX_LIBRARY = "libc++";
				CLANG_ENABLE_MODULES = YES;
				CLANG_ENABLE_OBJC_ARC = YES;
				CLANG_ENABLE_OBJC_WEAK = YES;
				CLANG_WARN_BLOCK_CAPTURE_AUTORELEASING = YES;
				CLANG_WARN_BOOL_CONVERSION = YES;
				CLANG_WARN_COMMA = YES;
				CLANG_WARN_CONSTANT_CONVERSION = YES;
				CLANG_WARN_DEPRECATED_OBJC_IMPLEMENTATIONS = YES;
				CLANG_WARN_DIRECT_OBJC_ISA_USAGE = YES_ERROR;
				CLANG_WARN_DOCUMENTATION_COMMENTS = YES;
				CLANG_WARN_EMPTY_BODY = YES;
				CLANG_WARN_ENUM_CONVERSION = YES;
				CLANG_WARN_INFINITE_RECURSION = YES;
				CLANG_WARN_INT_CONVERSION = YES;
				CLANG_WARN_NON_LITERAL_NULL_CONVERSION = YES;
				CLANG_WARN_OBJC_IMPLICIT_RETAIN_SELF = YES;
				CLANG_WARN_OBJC_LITERAL_CONVERSION = YES;
				CLANG_WARN_OBJC_ROOT_CLASS = YES_ERROR;
				CLANG_WARN_RANGE_LOOP_ANALYSIS = YES;
				CLANG_WARN_STRICT_PROTOTYPES = YES;
				CLANG_WARN_SUSPICIOUS_MOVE = YES;
				CLANG_WARN_UNGUARDED_AVAILABILITY = YES_AGGRESSIVE;
				CLANG_WARN_UNREACHABLE_CODE = YES;
				CLANG_WARN__DUPLICATE_METHOD_MATCH = YES;
				COPY_PHASE_STRIP = NO;
				DEBUG_INFORMATION_FORMAT = "dwarf-with-dsym";
				ENABLE_NS_ASSERTIONS = NO;
				ENABLE_STRICT_OBJC_MSGSEND = YES;
				GCC_C_LANGUAGE_STANDARD = gnu11;
				GCC_NO_COMMON_BLOCKS = YES;
				GCC_WARN_64_TO_32_BIT_CONVERSION = YES;
				GCC_WARN_ABOUT_RETURN_TYPE = YES_ERROR;
				GCC_WARN_UNDECLARED_SELECTOR = YES;
				GCC_WARN_UNINITIALIZED_AUTOS = YES_AGGRESSIVE;
				GCC_WARN_UNUSED_FUNCTION = YES;
				GCC_WARN_UNUSED_VARIABLE = YES;
				IPHONEOS_DEPLOYMENT_TARGET = 13.0;
				MTL_ENABLE_DEBUG_INFO = NO;
				MTL_FAST_MATH = YES;
				SDKROOT = iphoneos;
				VALIDATE_PRODUCT = YES;
			};
			name = Release;
		};
		318CBAEF23685E05006D7469 /* Debug */ = {
			isa = XCBuildConfiguration;
			buildSettings = {
				ASSETCATALOG_COMPILER_APPICON_NAME = AppIcon;
				CLANG_ENABLE_MODULES = YES;
				CODE_SIGN_STYLE = Automatic;
				DEVELOPMENT_TEAM = HUL9KAA653;
				INFOPLIST_FILE = "oc-demo-project/Info.plist";
				LD_RUNPATH_SEARCH_PATHS = (
					"$(inherited)",
					"@executable_path/Frameworks",
				);
				LIBRARY_SEARCH_PATHS = (
					"$(inherited)",
					"$(PROJECT_DIR)/oc_static_lib",
					"$(PROJECT_DIR)/oc-static-lib",
					"$(PROJECT_DIR)/oc-demo-project/oc-static-lib",
				);
				OTHER_LDFLAGS = "-ObjC";
				PRODUCT_BUNDLE_IDENTIFIER = "me.kingcos.oc-demo-project";
				PRODUCT_NAME = "$(TARGET_NAME)";
				SWIFT_OBJC_BRIDGING_HEADER = "oc-demo-project/oc-demo-project-Bridging-Header.h";
				SWIFT_OPTIMIZATION_LEVEL = "-Onone";
				SWIFT_VERSION = 5.0;
				TARGETED_DEVICE_FAMILY = "1,2";
			};
			name = Debug;
		};
		318CBAF023685E05006D7469 /* Release */ = {
			isa = XCBuildConfiguration;
			buildSettings = {
				ASSETCATALOG_COMPILER_APPICON_NAME = AppIcon;
				CLANG_ENABLE_MODULES = YES;
				CODE_SIGN_STYLE = Automatic;
				DEVELOPMENT_TEAM = HUL9KAA653;
				INFOPLIST_FILE = "oc-demo-project/Info.plist";
				LD_RUNPATH_SEARCH_PATHS = (
					"$(inherited)",
					"@executable_path/Frameworks",
				);
				LIBRARY_SEARCH_PATHS = (
					"$(inherited)",
					"$(PROJECT_DIR)/oc_static_lib",
					"$(PROJECT_DIR)/oc-static-lib",
					"$(PROJECT_DIR)/oc-demo-project/oc-static-lib",
				);
				OTHER_LDFLAGS = "-ObjC";
				PRODUCT_BUNDLE_IDENTIFIER = "me.kingcos.oc-demo-project";
				PRODUCT_NAME = "$(TARGET_NAME)";
				SWIFT_OBJC_BRIDGING_HEADER = "oc-demo-project/oc-demo-project-Bridging-Header.h";
				SWIFT_VERSION = 5.0;
				TARGETED_DEVICE_FAMILY = "1,2";
			};
			name = Release;
		};
/* End XCBuildConfiguration section */

/* Begin XCConfigurationList section */
		318CBAD023685E04006D7469 /* Build configuration list for PBXProject "oc-demo-project" */ = {
			isa = XCConfigurationList;
			buildConfigurations = (
				318CBAEC23685E05006D7469 /* Debug */,
				318CBAED23685E05006D7469 /* Release */,
			);
			defaultConfigurationIsVisible = 0;
			defaultConfigurationName = Release;
		};
		318CBAEE23685E05006D7469 /* Build configuration list for PBXNativeTarget "oc-demo-project" */ = {
			isa = XCConfigurationList;
			buildConfigurations = (
				318CBAEF23685E05006D7469 /* Debug */,
				318CBAF023685E05006D7469 /* Release */,
			);
			defaultConfigurationIsVisible = 0;
			defaultConfigurationName = Release;
		};
/* End XCConfigurationList section */
	};
	rootObject = 318CBACD23685E04006D7469 /* Project object */;
}
